{"version":4,"terraform_version":"1.11.6","serial":8,"lineage":"a798409b-1d87-1c65-c9e6-40dde56965f3","outputs":{"cluster_name":{"value":"zero-trust-aks","type":"string"},"resource_group_name":{"value":"zero-trust-rg","type":"string"}},"resources":[{"module":"module.networking","mode":"managed","type":"azurerm_resource_group","name":"main","provider":"provider[\"registry.opentofu.org/hashicorp/azurerm\"]","instances":[{"schema_version":0,"attributes":{"id":"/subscriptions/97780ff6-f1d8-41fb-a8ac-cd0ee861102a/resourceGroups/zero-trust-rg","location":"centralus","managed_by":"","name":"zero-trust-rg","tags":null,"timeouts":null},"sensitive_attributes":[],"private":"eyJlMmJmYjczMC1lY2FhLTExZTYtOGY4OC0zNDM2M2JjN2M0YzAiOnsiY3JlYXRlIjo1NDAwMDAwMDAwMDAwLCJkZWxldGUiOjU0MDAwMDAwMDAwMDAsInJlYWQiOjMwMDAwMDAwMDAwMCwidXBkYXRlIjo1NDAwMDAwMDAwMDAwfX0="}]},{"module":"module.networking","mode":"managed","type":"azurerm_virtual_network","name":"main","provider":"provider[\"registry.opentofu.org/hashicorp/azurerm\"]","instances":[{"schema_version":0,"attributes":{"address_space":["10.0.0.0/16"],"bgp_community":"","ddos_protection_plan":[],"dns_servers":[],"edge_zone":"","encryption":[],"flow_timeout_in_minutes":0,"guid":"4ad54d36-6ab3-47ee-98d4-456c16e32cd8","id":"/subscriptions/97780ff6-f1d8-41fb-a8ac-cd0ee861102a/resourceGroups/zero-trust-rg/providers/Microsoft.Network/virtualNetworks/zero-trust-rg-vnet","location":"centralus","name":"zero-trust-rg-vnet","resource_group_name":"zero-trust-rg","subnet":[],"tags":null,"timeouts":null},"sensitive_attributes":[],"private":"eyJlMmJmYjczMC1lY2FhLTExZTYtOGY4OC0zNDM2M2JjN2M0YzAiOnsiY3JlYXRlIjoxODAwMDAwMDAwMDAwLCJkZWxldGUiOjE4MDAwMDAwMDAwMDAsInJlYWQiOjMwMDAwMDAwMDAwMCwidXBkYXRlIjoxODAwMDAwMDAwMDAwfX0=","dependencies":["module.networking.azurerm_resource_group.main"]}]}],"check_results":null}
